
Microsoft Visual Studio Solution File, Format Version 12.00
# Visual Studio Version 17
VisualStudioVersion = 17.7.34018.315
MinimumVisualStudioVersion = 10.0.40219.1
Project("{FAE04EC0-301F-11D3-BF4B-00C04F79EFBC}") = "Otest1", "Otest1\Otest1.csproj", "{60D5231B-77FB-4B57-AD1D-E7807C391278}"
EndProject
Global
	GlobalSection(SolutionConfigurationPlatforms) = preSolution
		Debug|Any CPU = Debug|Any CPU
		Release|Any CPU = Release|Any CPU
	EndGlobalSection
	GlobalSection(ProjectConfigurationPlatforms) = postSolution
		{60D5231B-77FB-4B57-AD1D-E7807C391278}.Debug|Any CPU.ActiveCfg = Debug|Any CPU
		{60D5231B-77FB-4B57-AD1D-E7807C391278}.Debug|Any CPU.Build.0 = Debug|Any CPU
		{60D5231B-77FB-4B57-AD1D-E7807C391278}.Release|Any CPU.ActiveCfg = Release|Any CPU
		{60D5231B-77FB-4B57-AD1D-E7807C391278}.Release|Any CPU.Build.0 = Release|Any CPU
	EndGlobalSection
	GlobalSection(SolutionProperties) = preSolution
		HideSolutionNode = FALSE
	EndGlobalSection
	GlobalSection(ExtensibilityGlobals) = postSolution
		SolutionGuid = {3EE8FEF8-6279-4719-A1A4-D030DF75B4F1}
	EndGlobalSection
EndGlobal
